<?xml version="1.0" encoding="utf-8"?>
<Project ToolsVersion="4.0" xmlns="http://schemas.microsoft.com/developer/msbuild/2003">
  <ItemGroup>
    <Filter Include="소스 파일">
      <UniqueIdentifier>{4FC737F1-C7A5-4376-A066-2A32D752A2FF}</UniqueIdentifier>
      <Extensions>cpp;c;cc;cxx;c++;cppm;ixx;def;odl;idl;hpj;bat;asm;asmx</Extensions>
    </Filter>
    <Filter Include="헤더 파일">
      <UniqueIdentifier>{93995380-89BD-4b04-88EB-625FBE52EBFB}</UniqueIdentifier>
      <Extensions>h;hh;hpp;hxx;h++;hm;inl;inc;ipp;xsd</Extensions>
    </Filter>
    <Filter Include="리소스 파일">
      <UniqueIdentifier>{67DA6AB6-F800-4c08-8B7A-83BB121AAD01}</UniqueIdentifier>
      <Extensions>rc;ico;cur;bmp;dlg;rc2;rct;bin;rgs;gif;jpg;jpeg;jpe;resx;tiff;tif;png;wav;mfcribbon-ms</Extensions>
    </Filter>
    <Filter Include="소스 파일\Node">
      <UniqueIdentifier>{1a1cf6d0-a5f3-4d99-bb55-374ef939d993}</UniqueIdentifier>
    </Filter>
    <Filter Include="소스 파일\NodeManager">
      <UniqueIdentifier>{790a6c5b-c3eb-49d9-a794-90ff2d9cdbca}</UniqueIdentifier>
    </Filter>
    <Filter Include="소스 파일\NodeFactory">
      <UniqueIdentifier>{6c374689-428a-4b6d-815d-40ac3ad1e228}</UniqueIdentifier>
    </Filter>
    <Filter Include="소스 파일\TabuSerach">
      <UniqueIdentifier>{40c065fb-5d5f-44a6-8b06-9008edfd5d63}</UniqueIdentifier>
    </Filter>
  </ItemGroup>
  <ItemGroup>
    <ClCompile Include="main.cpp">
      <Filter>소스 파일</Filter>
    </ClCompile>
    <ClCompile Include="Node.cpp">
      <Filter>소스 파일\Node</Filter>
    </ClCompile>
    <ClCompile Include="NodeFactory.cpp">
      <Filter>소스 파일\NodeFactory</Filter>
    </ClCompile>
    <ClCompile Include="NodeManager.cpp">
      <Filter>소스 파일\NodeManager</Filter>
    </ClCompile>
    <ClCompile Include="TabuSerach.cpp">
      <Filter>소스 파일\TabuSerach</Filter>
    </ClCompile>
  </ItemGroup>
  <ItemGroup>
    <ClInclude Include="header.h">
      <Filter>헤더 파일</Filter>
    </ClInclude>
    <ClInclude Include="Node.h">
      <Filter>소스 파일\Node</Filter>
    </ClInclude>
    <ClInclude Include="NodeFactory.h">
      <Filter>소스 파일\NodeFactory</Filter>
    </ClInclude>
    <ClInclude Include="NodeManager.h">
      <Filter>소스 파일\NodeManager</Filter>
    </ClInclude>
    <ClInclude Include="TabuSerach.h">
      <Filter>소스 파일\TabuSerach</Filter>
    </ClInclude>
  </ItemGroup>
</Project>